// !$*UTF8*$!
{
	archiveVersion = 1;
	classes = {
	};
	objectVersion = 50;
	objects = {

/* Begin PBXBuildFile section */
		84215178221674CF0078AFEB /* AppDelegate.m in Sources */ = {isa = PBXBuildFile; fileRef = 84215177221674CF0078AFEB /* AppDelegate.m */; };
		8421517B221674CF0078AFEB /* ViewController.m in Sources */ = {isa = PBXBuildFile; fileRef = 8421517A221674CF0078AFEB /* ViewController.m */; };
		8421517E221674CF0078AFEB /* Main.storyboard in Resources */ = {isa = PBXBuildFile; fileRef = 8421517C221674CF0078AFEB /* Main.storyboard */; };
		84215180221674D00078AFEB /* Assets.xcassets in Resources */ = {isa = PBXBuildFile; fileRef = 8421517F221674D00078AFEB /* Assets.xcassets */; };
		84215183221674D00078AFEB /* LaunchScreen.storyboard in Resources */ = {isa = PBXBuildFile; fileRef = 84215181221674D00078AFEB /* LaunchScreen.storyboard */; };
		84215186221674D00078AFEB /* main.m in Sources */ = {isa = PBXBuildFile; fileRef = 84215185221674D00078AFEB /* main.m */; };
		8421518F2216751C0078AFEB /* KeyValueStore.m in Sources */ = {isa = PBXBuildFile; fileRef = 8421518E2216751C0078AFEB /* KeyValueStore.m */; };
/* End PBXBuildFile section */

/* Begin PBXFileReference section */
		84215173221674CF0078AFEB /* KeyValueStore.app */ = {isa = PBXFileReference; explicitFileType = wrapper.application; includeInIndex = 0; path = KeyValueStore.app; sourceTree = BUILT_PRODUCTS_DIR; };
		84215176221674CF0078AFEB /* AppDelegate.h */ = {isa = PBXFileReference; lastKnownFileType = sourcecode.c.h; path = AppDelegate.h; sourceTree = "<group>"; };
		84215177221674CF0078AFEB /* AppDelegate.m */ = {isa = PBXFileReference; lastKnownFileType = sourcecode.c.objc; path = AppDelegate.m; sourceTree = "<group>"; };
		84215179221674CF0078AFEB /* ViewController.h */ = {isa = PBXFileReference; lastKnownFileType = sourcecode.c.h; path = ViewController.h; sourceTree = "<group>"; };
		8421517A221674CF0078AFEB /* ViewController.m */ = {isa = PBXFileReference; lastKnownFileType = sourcecode.c.objc; path = ViewController.m; sourceTree = "<group>"; };
		8421517D221674CF0078AFEB /* Base */ = {isa = PBXFileReference; lastKnownFileType = file.storyboard; name = Base; path = Base.lproj/Main.storyboard; sourceTree = "<group>"; };
		8421517F221674D00078AFEB /* Assets.xcassets */ = {isa = PBXFileReference; lastKnownFileType = folder.assetcatalog; path = Assets.xcassets; sourceTree = "<group>"; };
		84215182221674D00078AFEB /* Base */ = {isa = PBXFileReference; lastKnownFileType = file.storyboard; name = Base; path = Base.lproj/LaunchScreen.storyboard; sourceTree = "<group>"; };
		84215184221674D00078AFEB /* Info.plist */ = {isa = PBXFileReference; lastKnownFileType = text.plist.xml; path = Info.plist; sourceTree = "<group>"; };
		84215185221674D00078AFEB /* main.m */ = {isa = PBXFileReference; lastKnownFileType = sourcecode.c.objc; path = main.m; sourceTree = "<group>"; };
		8421518D2216751C0078AFEB /* KeyValueStore.h */ = {isa = PBXFileReference; fileEncoding = 4; lastKnownFileType = sourcecode.c.h; path = KeyValueStore.h; sourceTree = "<group>"; };
		8421518E2216751C0078AFEB /* KeyValueStore.m */ = {isa = PBXFileReference; fileEncoding = 4; lastKnownFileType = sourcecode.c.objc; path = KeyValueStore.m; sourceTree = "<group>"; };
/* End PBXFileReference section */

/* Begin PBXFrameworksBuildPhase section */
		84215170221674CF0078AFEB /* Frameworks */ = {
			isa = PBXFrameworksBuildPhase;
			buildActionMask = 2147483647;
			files = (
			);
			runOnlyForDeploymentPostprocessing = 0;
		};
/* End PBXFrameworksBuildPhase section */

/* Begin PBXGroup section */
		8421516A221674CF0078AFEB = {
			isa = PBXGroup;
			children = (
				84215175221674CF0078AFEB /* KeyValueStore */,
				84215174221674CF0078AFEB /* Products */,
			);
			sourceTree = "<group>";
		};
		84215174221674CF0078AFEB /* Products */ = {
			isa = PBXGroup;
			children = (
				84215173221674CF0078AFEB /* KeyValueStore.app */,
			);
			name = Products;
			sourceTree = "<group>";
		};
		84215175221674CF0078AFEB /* KeyValueStore */ = {
			isa = PBXGroup;
			children = (
				8421518C221674E80078AFEB /* KeyValueStore */,
				84215176221674CF0078AFEB /* AppDelegate.h */,
				84215177221674CF0078AFEB /* AppDelegate.m */,
				84215179221674CF0078AFEB /* ViewController.h */,
				8421517A221674CF0078AFEB /* ViewController.m */,
				8421517C221674CF0078AFEB /* Main.storyboard */,
				8421517F221674D00078AFEB /* Assets.xcassets */,
				84215181221674D00078AFEB /* LaunchScreen.storyboard */,
				84215184221674D00078AFEB /* Info.plist */,
				84215185221674D00078AFEB /* main.m */,
			);
			path = KeyValueStore;
			sourceTree = "<group>";
		};
		8421518C221674E80078AFEB /* KeyValueStore */ = {
			isa = PBXGroup;
			children = (
				8421518D2216751C0078AFEB /* KeyValueStore.h */,
				8421518E2216751C0078AFEB /* KeyValueStore.m */,
			);
			path = KeyValueStore;
			sourceTree = "<group>";
		};
/* End PBXGroup section */

/* Begin PBXNativeTarget section */
		84215172221674CF0078AFEB /* KeyValueStore */ = {
			isa = PBXNativeTarget;
			buildConfigurationList = 84215189221674D00078AFEB /* Build configuration list for PBXNativeTarget "KeyValueStore" */;
			buildPhases = (
				8421516F221674CF0078AFEB /* Sources */,
				84215170221674CF0078AFEB /* Frameworks */,
				84215171221674CF0078AFEB /* Resources */,
			);
			buildRules = (
			);
			dependencies = (
			);
			name = KeyValueStore;
			productName = KeyValueStore;
			productReference = 84215173221674CF0078AFEB /* KeyValueStore.app */;
			productType = "com.apple.product-type.application";
		};
/* End PBXNativeTarget section */

/* Begin PBXProject section */
		8421516B221674CF0078AFEB /* Project object */ = {
			isa = PBXProject;
			attributes = {
				LastUpgradeCheck = 1010;
				ORGANIZATIONNAME = zhouqiao;
				TargetAttributes = {
					84215172221674CF0078AFEB = {
						CreatedOnToolsVersion = 10.1;
					};
				};
			};
			buildConfigurationList = 8421516E221674CF0078AFEB /* Build configuration list for PBXProject "KeyValueStore" */;
			compatibilityVersion = "Xcode 9.3";
			developmentRegion = en;
			hasScannedForEncodings = 0;
			knownRegions = (
				en,
				Base,
			);
			mainGroup = 8421516A221674CF0078AFEB;
			productRefGroup = 84215174221674CF0078AFEB /* Products */;
			projectDirPath = "";
			projectRoot = "";
			targets = (
				84215172221674CF0078AFEB /* KeyValueStore */,
			);
		};
/* End PBXProject section */

/* Begin PBXResourcesBuildPhase section */
		84215171221674CF0078AFEB /* Resources */ = {
			isa = PBXResourcesBuildPhase;
			buildActionMask = 2147483647;
			files = (
				84215183221674D00078AFEB /* LaunchScreen.storyboard in Resources */,
				84215180221674D00078AFEB /* Assets.xcassets in Resources */,
				8421517E221674CF0078AFEB /* Main.storyboard in Resources */,
			);
			runOnlyForDeploymentPostprocessing = 0;
		};
/* End PBXResourcesBuildPhase section */

/* Begin PBXSourcesBuildPhase section */
		8421516F221674CF0078AFEB /* Sources */ = {
			isa = PBXSourcesBuildPhase;
			buildActionMask = 2147483647;
			files = (
				8421517B221674CF0078AFEB /* ViewController.m in Sources */,
				84215186221674D00078AFEB /* main.m in Sources */,
				8421518F2216751C0078AFEB /* KeyValueStore.m in Sources */,
				84215178221674CF0078AFEB /* AppDelegate.m in Sources */,
			);
			runOnlyForDeploymentPostprocessing = 0;
		};
/* End PBXSourcesBuildPhase section */

/* Begin PBXVariantGroup section */
		8421517C221674CF0078AFEB /* Main.storyboard */ = {
			isa = PBXVariantGroup;
			children = (
				8421517D221674CF0078AFEB /* Base */,
			);
			name = Main.storyboard;
			sourceTree = "<group>";
		};
		84215181221674D00078AFEB /* LaunchScreen.storyboard */ = {
			isa = PBXVariantGroup;
			children = (
				84215182221674D00078AFEB /* Base */,
			);
			name = LaunchScreen.storyboard;
			sourceTree = "<group>";
		};
/* End PBXVariantGroup section */

/* Begin XCBuildConfiguration section */
		84215187221674D00078AFEB /* Debug */ = {
			isa = XCBuildConfiguration;
			buildSettings = {
				ALWAYS_SEARCH_USER_PATHS = NO;
				CLANG_ANALYZER_NONNULL = YES;
				CLANG_ANALYZER_NUMBER_OBJECT_CONVERSION = YES_AGGRESSIVE;
				CLANG_CXX_LANGUAGE_STANDARD = "gnu++14";
				CLANG_CXX_LIBRARY = "libc++";
				CLANG_ENABLE_MODULES = YES;
				CLANG_ENABLE_OBJC_ARC = YES;
				CLANG_ENABLE_OBJC_WEAK = YES;
				CLANG_WARN_BLOCK_CAPTURE_AUTORELEASING = YES;
				CLANG_WARN_BOOL_CONVERSION = YES;
				CLANG_WARN_COMMA = YES;
				CLANG_WARN_CONSTANT_CONVERSION = YES;
				CLANG_WARN_DEPRECATED_OBJC_IMPLEMENTATIONS = YES;
				CLANG_WARN_DIRECT_OBJC_ISA_USAGE = YES_ERROR;
				CLANG_WARN_DOCUMENTATION_COMMENTS = YES;
				CLANG_WARN_EMPTY_BODY = YES;
				CLANG_WARN_ENUM_CONVERSION = YES;
				CLANG_WARN_INFINITE_RECURSION = YES;
				CLANG_WARN_INT_CONVERSION = YES;
				CLANG_WARN_NON_LITERAL_NULL_CONVERSION = YES;
				CLANG_WARN_OBJC_IMPLICIT_RETAIN_SELF = YES;
				CLANG_WARN_OBJC_LITERAL_CONVERSION = YES;
				CLANG_WARN_OBJC_ROOT_CLASS = YES_ERROR;
				CLANG_WARN_RANGE_LOOP_ANALYSIS = YES;
				CLANG_WARN_STRICT_PROTOTYPES = YES;
				CLANG_WARN_SUSPICIOUS_MOVE = YES;
				CLANG_WARN_UNGUARDED_AVAILABILITY = YES_AGGRESSIVE;
				CLANG_WARN_UNREACHABLE_CODE = YES;
				CLANG_WARN__DUPLICATE_METHOD_MATCH = YES;
				CODE_SIGN_IDENTITY = "iPhone Developer";
				COPY_PHASE_STRIP = NO;
				DEBUG_INFORMATION_FORMAT = dwarf;
				ENABLE_STRICT_OBJC_MSGSEND = YES;
				ENABLE_TESTABILITY = YES;
				GCC_C_LANGUAGE_STANDARD = gnu11;
				GCC_DYNAMIC_NO_PIC = NO;
				GCC_NO_COMMON_BLOCKS = YES;
				GCC_OPTIMIZATION_LEVEL = 0;
				GCC_PREPROCESSOR_DEFINITIONS = (
					"DEBUG=1",
					"$(inherited)",
				);
				GCC_WARN_64_TO_32_BIT_CONVERSION = YES;
				GCC_WARN_ABOUT_RETURN_TYPE = YES_ERROR;
				GCC_WARN_UNDECLARED_SELECTOR = YES;
				GCC_WARN_UNINITIALIZED_AUTOS = YES_AGGRESSIVE;
				GCC_WARN_UNUSED_FUNCTION = YES;
				GCC_WARN_UNUSED_VARIABLE = YES;
				IPHONEOS_DEPLOYMENT_TARGET = 12.1;
				MTL_ENABLE_DEBUG_INFO = INCLUDE_SOURCE;
				MTL_FAST_MATH = YES;
				ONLY_ACTIVE_ARCH = YES;
				SDKROOT = iphoneos;
			};
			name = Debug;
		};
		84215188221674D00078AFEB /* Release */ = {
			isa = XCBuildConfiguration;
			buildSettings = {
				ALWAYS_SEARCH_USER_PATHS = NO;
				CLANG_ANALYZER_NONNULL = YES;
				CLANG_ANALYZER_NUMBER_OBJECT_CONVERSION = YES_AGGRESSIVE;
				CLANG_CXX_LANGUAGE_STANDARD = "gnu++14";
				CLANG_CXX_LIBRARY = "libc++";
				CLANG_ENABLE_MODULES = YES;
				CLANG_ENABLE_OBJC_ARC = YES;
				CLANG_ENABLE_OBJC_WEAK = YES;
				CLANG_WARN_BLOCK_CAPTURE_AUTORELEASING = YES;
				CLANG_WARN_BOOL_CONVERSION = YES;
				CLANG_WARN_COMMA = YES;
				CLANG_WARN_CONSTANT_CONVERSION = YES;
				CLANG_WARN_DEPRECATED_OBJC_IMPLEMENTATIONS = YES;
				CLANG_WARN_DIRECT_OBJC_ISA_USAGE = YES_ERROR;
				CLANG_WARN_DOCUMENTATION_COMMENTS = YES;
				CLANG_WARN_EMPTY_BODY = YES;
				CLANG_WARN_ENUM_CONVERSION = YES;
				CLANG_WARN_INFINITE_RECURSION = YES;
				CLANG_WARN_INT_CONVERSION = YES;
				CLANG_WARN_NON_LITERAL_NULL_CONVERSION = YES;
				CLANG_WARN_OBJC_IMPLICIT_RETAIN_SELF = YES;
				CLANG_WARN_OBJC_LITERAL_CONVERSION = YES;
				CLANG_WARN_OBJC_ROOT_CLASS = YES_ERROR;
				CLANG_WARN_RANGE_LOOP_ANALYSIS = YES;
				CLANG_WARN_STRICT_PROTOTYPES = YES;
				CLANG_WARN_SUSPICIOUS_MOVE = YES;
				CLANG_WARN_UNGUARDED_AVAILABILITY = YES_AGGRESSIVE;
				CLANG_WARN_UNREACHABLE_CODE = YES;
				CLANG_WARN__DUPLICATE_METHOD_MATCH = YES;
				CODE_SIGN_IDENTITY = "iPhone Developer";
				COPY_PHASE_STRIP = NO;
				DEBUG_INFORMATION_FORMAT = "dwarf-with-dsym";
				ENABLE_NS_ASSERTIONS = NO;
				ENABLE_STRICT_OBJC_MSGSEND = YES;
				GCC_C_LANGUAGE_STANDARD = gnu11;
				GCC_NO_COMMON_BLOCKS = YES;
				GCC_WARN_64_TO_32_BIT_CONVERSION = YES;
				GCC_WARN_ABOUT_RETURN_TYPE = YES_ERROR;
				GCC_WARN_UNDECLARED_SELECTOR = YES;
				GCC_WARN_UNINITIALIZED_AUTOS = YES_AGGRESSIVE;
				GCC_WARN_UNUSED_FUNCTION = YES;
				GCC_WARN_UNUSED_VARIABLE = YES;
				IPHONEOS_DEPLOYMENT_TARGET = 12.1;
				MTL_ENABLE_DEBUG_INFO = NO;
				MTL_FAST_MATH = YES;
				SDKROOT = iphoneos;
				VALIDATE_PRODUCT = YES;
			};
			name = Release;
		};
		8421518A221674D00078AFEB /* Debug */ = {
			isa = XCBuildConfiguration;
			buildSettings = {
				ASSETCATALOG_COMPILER_APPICON_NAME = AppIcon;
				CODE_SIGN_STYLE = Automatic;
				DEVELOPMENT_TEAM = 3548UVUD68;
				INFOPLIST_FILE = KeyValueStore/Info.plist;
				IPHONEOS_DEPLOYMENT_TARGET = 11.0;
				LD_RUNPATH_SEARCH_PATHS = (
					"$(inherited)",
					"@executable_path/Frameworks",
				);
				PRODUCT_BUNDLE_IDENTIFIER = "-23.KeyValueStore";
				PRODUCT_NAME = "$(TARGET_NAME)";
				TARGETED_DEVICE_FAMILY = 1;
			};
			name = Debug;
		};
		8421518B221674D00078AFEB /* Release */ = {
			isa = XCBuildConfiguration;
			buildSettings = {
				ASSETCATALOG_COMPILER_APPICON_NAME = AppIcon;
				CODE_SIGN_STYLE = Automatic;
				DEVELOPMENT_TEAM = 3548UVUD68;
				INFOPLIST_FILE = KeyValueStore/Info.plist;
				IPHONEOS_DEPLOYMENT_TARGET = 11.0;
				LD_RUNPATH_SEARCH_PATHS = (
					"$(inherited)",
					"@executable_path/Frameworks",
				);
				PRODUCT_BUNDLE_IDENTIFIER = "-23.KeyValueStore";
				PRODUCT_NAME = "$(TARGET_NAME)";
				TARGETED_DEVICE_FAMILY = 1;
			};
			name = Release;
		};
/* End XCBuildConfiguration section */

/* Begin XCConfigurationList section */
		8421516E221674CF0078AFEB /* Build configuration list for PBXProject "KeyValueStore" */ = {
			isa = XCConfigurationList;
			buildConfigurations = (
				84215187221674D00078AFEB /* Debug */,
				84215188221674D00078AFEB /* Release */,
			);
			defaultConfigurationIsVisible = 0;
			defaultConfigurationName = Release;
		};
		84215189221674D00078AFEB /* Build configuration list for PBXNativeTarget "KeyValueStore" */ = {
			isa = XCConfigurationList;
			buildConfigurations = (
				8421518A221674D00078AFEB /* Debug */,
				8421518B221674D00078AFEB /* Release */,
			);
			defaultConfigurationIsVisible = 0;
			defaultConfigurationName = Release;
		};
/* End XCConfigurationList section */
	};
	rootObject = 8421516B221674CF0078AFEB /* Project object */;
}
